
Microsoft Visual Studio Solution File, Format Version 12.00
# Visual Studio Version 17
VisualStudioVersion = 17.6.33815.320
MinimumVisualStudioVersion = 10.0.40219.1
Project("{9A19103F-16F7-4668-BE54-9A1E7A4F7556}") = "SavingTime", "SavingTime\SavingTime.csproj", "{E9002A7A-55FF-44DE-8F15-BD131E3F03BE}"
EndProject
Project("{2150E333-8FDC-42A3-9474-1A3956D46DE8}") = "Itens de Solução", "Itens de Solução", "{500D5126-274C-46C7-9D7E-92E9719E6D9C}"
	ProjectSection(SolutionItems) = preProject
		.gitignore = .gitignore
		README.md = README.md
	EndProjectSection
EndProject
Project("{FAE04EC0-301F-11D3-BF4B-00C04F79EFBC}") = "Integrations", "Integrations\Integrations.csproj", "{541757DE-79B3-4BB0-A7F5-0CEB3175270C}"
EndProject
Global
	GlobalSection(SolutionConfigurationPlatforms) = preSolution
		Debug|Any CPU = Debug|Any CPU
		Release|Any CPU = Release|Any CPU
	EndGlobalSection
	GlobalSection(ProjectConfigurationPlatforms) = postSolution
		{E9002A7A-55FF-44DE-8F15-BD131E3F03BE}.Debug|Any CPU.ActiveCfg = Debug|Any CPU
		{E9002A7A-55FF-44DE-8F15-BD131E3F03BE}.Debug|Any CPU.Build.0 = Debug|Any CPU
		{E9002A7A-55FF-44DE-8F15-BD131E3F03BE}.Release|Any CPU.ActiveCfg = Release|Any CPU
		{E9002A7A-55FF-44DE-8F15-BD131E3F03BE}.Release|Any CPU.Build.0 = Release|Any CPU
		{541757DE-79B3-4BB0-A7F5-0CEB3175270C}.Debug|Any CPU.ActiveCfg = Debug|Any CPU
		{541757DE-79B3-4BB0-A7F5-0CEB3175270C}.Debug|Any CPU.Build.0 = Debug|Any CPU
		{541757DE-79B3-4BB0-A7F5-0CEB3175270C}.Release|Any CPU.ActiveCfg = Release|Any CPU
		{541757DE-79B3-4BB0-A7F5-0CEB3175270C}.Release|Any CPU.Build.0 = Release|Any CPU
	EndGlobalSection
	GlobalSection(SolutionProperties) = preSolution
		HideSolutionNode = FALSE
	EndGlobalSection
	GlobalSection(ExtensibilityGlobals) = postSolution
		SolutionGuid = {689DDA71-7F7C-437A-B1C0-8F778D9AAF17}
	EndGlobalSection
EndGlobal
